
Microsoft Visual Studio Solution File, Format Version 12.00
# Visual Studio Version 16
VisualStudioVersion = 16.0.30309.148
MinimumVisualStudioVersion = 10.0.40219.1
Project("{FAE04EC0-301F-11D3-BF4B-00C04F79EFBC}") = "TodoConsole", "TodoConsole\TodoConsole.csproj", "{A8C89F16-1162-417C-B290-703FFF95F377}"
EndProject
Global
	GlobalSection(SolutionConfigurationPlatforms) = preSolution
		Debug|Any CPU = Debug|Any CPU
		Release|Any CPU = Release|Any CPU
	EndGlobalSection
	GlobalSection(ProjectConfigurationPlatforms) = postSolution
		{A8C89F16-1162-417C-B290-703FFF95F377}.Debug|Any CPU.ActiveCfg = Debug|Any CPU
		{A8C89F16-1162-417C-B290-703FFF95F377}.Debug|Any CPU.Build.0 = Debug|Any CPU
		{A8C89F16-1162-417C-B290-703FFF95F377}.Release|Any CPU.ActiveCfg = Release|Any CPU
		{A8C89F16-1162-417C-B290-703FFF95F377}.Release|Any CPU.Build.0 = Release|Any CPU
	EndGlobalSection
	GlobalSection(SolutionProperties) = preSolution
		HideSolutionNode = FALSE
	EndGlobalSection
	GlobalSection(ExtensibilityGlobals) = postSolution
		SolutionGuid = {9FB04D88-BBF2-4AE5-9E6A-6C0F51CE9227}
	EndGlobalSection
EndGlobal
